
Microsoft Visual Studio Solution File, Format Version 12.00
# Visual Studio Version 16
VisualStudioVersion = 16.0.29306.81
MinimumVisualStudioVersion = 10.0.40219.1
Project("{FAE04EC0-301F-11D3-BF4B-00C04F79EFBC}") = "dosyaislemler", "dosyaislemler\dosyaislemler.csproj", "{BDD5C108-7C29-4012-AA12-28C23595571C}"
EndProject
Global
	GlobalSection(SolutionConfigurationPlatforms) = preSolution
		Debug|Any CPU = Debug|Any CPU
		Release|Any CPU = Release|Any CPU
	EndGlobalSection
	GlobalSection(ProjectConfigurationPlatforms) = postSolution
		{BDD5C108-7C29-4012-AA12-28C23595571C}.Debug|Any CPU.ActiveCfg = Debug|Any CPU
		{BDD5C108-7C29-4012-AA12-28C23595571C}.Debug|Any CPU.Build.0 = Debug|Any CPU
		{BDD5C108-7C29-4012-AA12-28C23595571C}.Release|Any CPU.ActiveCfg = Release|Any CPU
		{BDD5C108-7C29-4012-AA12-28C23595571C}.Release|Any CPU.Build.0 = Release|Any CPU
	EndGlobalSection
	GlobalSection(SolutionProperties) = preSolution
		HideSolutionNode = FALSE
	EndGlobalSection
	GlobalSection(ExtensibilityGlobals) = postSolution
		SolutionGuid = {DFD83543-6B60-4CF8-817E-DF72C3484F52}
	EndGlobalSection
EndGlobal
